// !$*UTF8*$!
{
	archiveVersion = 1;
	classes = {
	};
	objectVersion = 46;
	objects = {
/* Begin PBXBuildFile section */
		0207DA581B56EA530066E2B4 /* Images.xcassets in Resources */ = {isa = PBXBuildFile; fileRef = 0207DA571B56EA530066E2B4 /* Images.xcassets */; };
		1D3623260D0F684500981E51 /* AppDelegate.m in Sources */ = {isa = PBXBuildFile; fileRef = 1D3623250D0F684500981E51 /* AppDelegate.m */; };
		1D60589B0D05DD56006BFB54 /* main.m in Sources */ = {isa = PBXBuildFile; fileRef = 29B97316FDCFA39411CA2CEA /* main.m */; };
		301BF552109A68D80062928A /* libCordova.a in Frameworks */ = {isa = PBXBuildFile; fileRef = 301BF535109A57CC0062928A /* libCordova.a */; };
		302D95F114D2391D003F00A1 /* MainViewController.m in Sources */ = {isa = PBXBuildFile; fileRef = 302D95EF14D2391D003F00A1 /* MainViewController.m */; };
		302D95F214D2391D003F00A1 /* MainViewController.xib in Resources */ = {isa = PBXBuildFile; fileRef = 302D95F014D2391D003F00A1 /* MainViewController.xib */; };
		3047A5121AB8059700498E2A /* build-debug.xcconfig in Resources */ = {isa = PBXBuildFile; fileRef = 3047A50F1AB8059700498E2A /* build-debug.xcconfig */; };
		3047A5131AB8059700498E2A /* build-release.xcconfig in Resources */ = {isa = PBXBuildFile; fileRef = 3047A5101AB8059700498E2A /* build-release.xcconfig */; };
		3047A5141AB8059700498E2A /* build.xcconfig in Resources */ = {isa = PBXBuildFile; fileRef = 3047A5111AB8059700498E2A /* build.xcconfig */; };
		6AFF5BF91D6E424B00AB3073 /* CDVLaunchScreen.storyboard in Resources */ = {isa = PBXBuildFile; fileRef = 6AFF5BF81D6E424B00AB3073 /* CDVLaunchScreen.storyboard */; };
		6DAC0C2E697A41D4B9A56B67 /* PhotoViewer.m in Sources */ = {isa = PBXBuildFile; fileRef = 55109E5687294BE0A187ADFF /* PhotoViewer.m */; };
		1F0738DD92AD42B4A4802DA9 /* CDVFile.m in Sources */ = {isa = PBXBuildFile; fileRef = E6098C00F79C4DF9A1060E61 /* CDVFile.m */; };
		8466E8A6BA834194B73F1562 /* CDVLocalFilesystem.m in Sources */ = {isa = PBXBuildFile; fileRef = BA059A66B3AB41B395F4F28B /* CDVLocalFilesystem.m */; };
		101F77C4740641D3BAEA5D48 /* CDVAssetLibraryFilesystem.m in Sources */ = {isa = PBXBuildFile; fileRef = 2BC6521596AC4C4BB59DC425 /* CDVAssetLibraryFilesystem.m */; };
		0A090B256D8440AFBA39FBD4 /* CordovaHttpPlugin.m in Sources */ = {isa = PBXBuildFile; fileRef = E2F7DB025D5D4CA4A19E6384 /* CordovaHttpPlugin.m */; };
		75E5B41C3E324742A3A50FF5 /* TextResponseSerializer.m in Sources */ = {isa = PBXBuildFile; fileRef = F7CD7650B832476C96C70834 /* TextResponseSerializer.m */; };
		5ED4671AE5DF4DA8B6044700 /* TextRequestSerializer.m in Sources */ = {isa = PBXBuildFile; fileRef = 6E6901B81E4A44309CE265AC /* TextRequestSerializer.m */; };
		256B2385CF1E4208AA9DC7E5 /* AFHTTPSessionManager.m in Sources */ = {isa = PBXBuildFile; fileRef = F570D7E0C6EB4176A6A8753A /* AFHTTPSessionManager.m */; };
		9F6C4D478C6146A6B976B030 /* AFNetworkReachabilityManager.m in Sources */ = {isa = PBXBuildFile; fileRef = AC1C7579A20142BD8CF9D8C7 /* AFNetworkReachabilityManager.m */; };
		EC569820DD70439889689533 /* AFSecurityPolicy.m in Sources */ = {isa = PBXBuildFile; fileRef = 99EA1EE3006849758EFBF779 /* AFSecurityPolicy.m */; };
		CB6B60AE7A3C470C9B2616EF /* AFURLRequestSerialization.m in Sources */ = {isa = PBXBuildFile; fileRef = 7E71A8BB64D04F1ABAA04E50 /* AFURLRequestSerialization.m */; };
		467F47B850B3421D808100BC /* AFURLResponseSerialization.m in Sources */ = {isa = PBXBuildFile; fileRef = AA3AAA2148B042A8949DB81B /* AFURLResponseSerialization.m */; };
		DC3F91051D174692A7A14979 /* AFURLSessionManager.m in Sources */ = {isa = PBXBuildFile; fileRef = 425B440D168846D5A2C8C550 /* AFURLSessionManager.m */; };
		85AFF192A39746C0988EA6B9 /* Security.framework in Frameworks */ = {isa = PBXBuildFile; fileRef = 126FE95823E04656BCE15F5D /* Security.framework */; };
		590A3817304C4423977A8A86 /* SystemConfiguration.framework in Frameworks */ = {isa = PBXBuildFile; fileRef = FC152A6515564CF183B2CACC /* SystemConfiguration.framework */; };
		FD3BC5EF608E4C0C94BEBF56 /* CDVNotification.m in Sources */ = {isa = PBXBuildFile; fileRef = 243D1B8FA48F4FFFB90F3C97 /* CDVNotification.m */; };
		EFE14D7BC370401CB4C4FC55 /* CDVNotification.bundle in Resources */ = {isa = PBXBuildFile; fileRef = 268EF9F092F24A26AE494C90 /* CDVNotification.bundle */; };
		592BAD5ADA7D482BBD944757 /* AudioToolbox.framework in Frameworks */ = {isa = PBXBuildFile; fileRef = 3EBCFAC706204992BBBCA66D /* AudioToolbox.framework */; settings = {ATTRIBUTES = (Weak, ); }; };
		982496A9BEDD4653B964973B /* CDVGlobalization.m in Sources */ = {isa = PBXBuildFile; fileRef = 913DA9C0ACCA446891498741 /* CDVGlobalization.m */; };
		32DF4F6A597E46A184972329 /* CDVInAppBrowser.m in Sources */ = {isa = PBXBuildFile; fileRef = 18FF6B19B2A549F8A44CFC4E /* CDVInAppBrowser.m */; };
		6F4A9D9FAF294F0DADF8A91C /* CDVAppRate.m in Sources */ = {isa = PBXBuildFile; fileRef = 4C04246BC3B147FFADCD196F /* CDVAppRate.m */; };
		26E590AD8F5446819E293705 /* StoreKit.framework in Frameworks */ = {isa = PBXBuildFile; fileRef = 757766D0C707444D90372997 /* StoreKit.framework */; };
		766B083525FE44D8BD231D8B /* CDVDevice.m in Sources */ = {isa = PBXBuildFile; fileRef = 97D15B2425F745939D97AFC0 /* CDVDevice.m */; };
		4380ED4A2FA34120A8F86203 /* APPEmailComposer.m in Sources */ = {isa = PBXBuildFile; fileRef = 8E8441BC83FE4FC4B349830D /* APPEmailComposer.m */; };
		B150DA9B42514EF198C059EA /* APPEmailComposerImpl.m in Sources */ = {isa = PBXBuildFile; fileRef = 8A6910D7C8AE46949ACC16E4 /* APPEmailComposerImpl.m */; };
		F34C46C1436645098964D5F2 /* MessageUI.framework in Frameworks */ = {isa = PBXBuildFile; fileRef = EE986B45430141208ADFCF42 /* MessageUI.framework */; };
		3D88DAF2DEDE401A9723C4D0 /* CDVIonicKeyboard.m in Sources */ = {isa = PBXBuildFile; fileRef = E38D9CEECA8D45268D51C3A9 /* CDVIonicKeyboard.m */; };
		AA0B1A107AE04E31A9F56433 /* CDVWKWebViewEngine.m in Sources */ = {isa = PBXBuildFile; fileRef = 03FA0E9A491F4B7B8E90E501 /* CDVWKWebViewEngine.m */; };
		7C935FCFC99B45D69F232FD6 /* CDVWKWebViewUIDelegate.m in Sources */ = {isa = PBXBuildFile; fileRef = CAE4DFA66C78480A8E886B65 /* CDVWKWebViewUIDelegate.m */; };
		25288BE11B4849BF8F4BB08D /* CDVWKProcessPoolFactory.m in Sources */ = {isa = PBXBuildFile; fileRef = E2DA3E3319EC4C30AE3A809B /* CDVWKProcessPoolFactory.m */; };
		73DB1024D3AF4E7F8444664E /* GCDWebServer.m in Sources */ = {isa = PBXBuildFile; fileRef = 339254E0B4A043F3BE64EABD /* GCDWebServer.m */; };
		82C6FC99B1574ED6A5B78F7B /* GCDWebServerConnection.m in Sources */ = {isa = PBXBuildFile; fileRef = 0E25E2427D5946B1BF9F3632 /* GCDWebServerConnection.m */; };
		E64A876C87274219BDD529FA /* GCDWebServerFunctions.m in Sources */ = {isa = PBXBuildFile; fileRef = 30667C17DB8E4A4D9292AE55 /* GCDWebServerFunctions.m */; };
		F39089BCA0034755BF308039 /* GCDWebServerRequest.m in Sources */ = {isa = PBXBuildFile; fileRef = 601B1845AF69407086D012F4 /* GCDWebServerRequest.m */; };
		04046844998C4D03B489E29E /* GCDWebServerResponse.m in Sources */ = {isa = PBXBuildFile; fileRef = 0B7B5AFF8D4B4E3BA5157EDC /* GCDWebServerResponse.m */; };
		C5E14AF21E7147A9BFAC7395 /* GCDWebServerDataRequest.m in Sources */ = {isa = PBXBuildFile; fileRef = D008CE58B8C24018918C6026 /* GCDWebServerDataRequest.m */; };
		59EF9C660A384C0DB6745040 /* GCDWebServerFileRequest.m in Sources */ = {isa = PBXBuildFile; fileRef = C9132B39CD8F48DEA9E7B4DE /* GCDWebServerFileRequest.m */; };
		ACBFCAF2D2754636BFA2527A /* GCDWebServerMultiPartFormRequest.m in Sources */ = {isa = PBXBuildFile; fileRef = 5791A8D52BA249CC82BA19A8 /* GCDWebServerMultiPartFormRequest.m */; };
		2C0BDFADA7AB43F3BEFE1903 /* GCDWebServerURLEncodedFormRequest.m in Sources */ = {isa = PBXBuildFile; fileRef = 88BDAAC2445A4E5FB0ED431C /* GCDWebServerURLEncodedFormRequest.m */; };
		85611F2961444BC69531A411 /* GCDWebServerDataResponse.m in Sources */ = {isa = PBXBuildFile; fileRef = 3FFAF5262C4E49F5A6FABF9C /* GCDWebServerDataResponse.m */; };
		BD4409DF86E4403D99932320 /* GCDWebServerErrorResponse.m in Sources */ = {isa = PBXBuildFile; fileRef = 468BC6D6D4BD44A7AB8F740C /* GCDWebServerErrorResponse.m */; };
		9475472C95944B54AACD824E /* GCDWebServerFileResponse.m in Sources */ = {isa = PBXBuildFile; fileRef = E1865FD09B714F87AA4C2282 /* GCDWebServerFileResponse.m */; };
		44EEE01C1C2642DE9397442A /* GCDWebServerStreamedResponse.m in Sources */ = {isa = PBXBuildFile; fileRef = 882C81F8AF2E4DA28F81FEA7 /* GCDWebServerStreamedResponse.m */; };
		DDCA383E48A443C3BAC7026E /* WebKit.framework in Frameworks */ = {isa = PBXBuildFile; fileRef = E04E9618BD5C4D6AACA08CE5 /* WebKit.framework */; settings = {ATTRIBUTES = (Weak, ); }; };
		B4DF91DF0E624EB993C51DB0 /* libz.tbd in Frameworks */ = {isa = PBXBuildFile; fileRef = 12BB31F323B44C8086619C93 /* libz.tbd */; };
		70DADE493A2E4B189A215650 /* NativeStorage.m in Sources */ = {isa = PBXBuildFile; fileRef = EBEEA93C5B67460F87575671 /* NativeStorage.m */; };
		8C3E6B0447A84E40BFB199BC /* CDVSplashScreen.m in Sources */ = {isa = PBXBuildFile; fileRef = 20300BA7D0574D4E98398002 /* CDVSplashScreen.m */; };
		26BD5B581BC34BA293000350 /* CDVViewController+SplashScreen.m in Sources */ = {isa = PBXBuildFile; fileRef = A5776568F4C74FD0BD7095B3 /* CDVViewController+SplashScreen.m */; };
		5A019A131FC64AE59FB3C2E5 /* NSString+SSURLEncoding.m in Sources */ = {isa = PBXBuildFile; fileRef = 26904A6B8A7E4FC0AB75FB3D /* NSString+SSURLEncoding.m */; };
		E5E15C7523204305A6D5A4FF /* SocialSharing.m in Sources */ = {isa = PBXBuildFile; fileRef = 79E0EDBCB2344BE7BBA97A97 /* SocialSharing.m */; };
		050C4F1001F54CF59460B4E7 /* Social.framework in Frameworks */ = {isa = PBXBuildFile; fileRef = 4ABEEA0FD93A441DA34C6673 /* Social.framework */; settings = {ATTRIBUTES = (Weak, ); }; };
		C0D973780EB643A4964E8713 /* CFCallNumber.m in Sources */ = {isa = PBXBuildFile; fileRef = 6360522A7ED0474FAE304A80 /* CFCallNumber.m */; };
		2E5DF91CE2724FDC93CFCF4D /* OneSignalPush.m in Sources */ = {isa = PBXBuildFile; fileRef = 7F1EC7B30A39477089BDBE04 /* OneSignalPush.m */; };
/* End PBXBuildFile section */

/* Begin PBXContainerItemProxy section */
		301BF534109A57CC0062928A /* PBXContainerItemProxy */ = {
			isa = PBXContainerItemProxy;
			containerPortal = 301BF52D109A57CC0062928A /* CordovaLib.xcodeproj */;
			proxyType = 2;
			remoteGlobalIDString = D2AAC07E0554694100DB518D;
			remoteInfo = CordovaLib;
		};
		301BF550109A68C00062928A /* PBXContainerItemProxy */ = {
			isa = PBXContainerItemProxy;
			containerPortal = 301BF52D109A57CC0062928A /* CordovaLib.xcodeproj */;
			proxyType = 1;
			remoteGlobalIDString = D2AAC07D0554694100DB518D;
			remoteInfo = CordovaLib;
		};
/* End PBXContainerItemProxy section */

/* Begin PBXFileReference section */
		0207DA571B56EA530066E2B4 /* Images.xcassets */ = {isa = PBXFileReference; lastKnownFileType = folder.assetcatalog; name = Images.xcassets; path = "WooCommerce/Images.xcassets"; sourceTree = SOURCE_ROOT; };
		1D3623240D0F684500981E51 /* AppDelegate.h */ = {isa = PBXFileReference; fileEncoding = 4; lastKnownFileType = sourcecode.c.h; path = AppDelegate.h; sourceTree = "<group>"; };
		1D3623250D0F684500981E51 /* AppDelegate.m */ = {isa = PBXFileReference; fileEncoding = 4; lastKnownFileType = sourcecode.c.objc; path = AppDelegate.m; sourceTree = "<group>"; };
		1D6058910D05DD3D006BFB54 /* WooCommerce.app */ = {isa = PBXFileReference; explicitFileType = wrapper.application; includeInIndex = 0; path = "WooCommerce.app"; sourceTree = BUILT_PRODUCTS_DIR; };
		29B97316FDCFA39411CA2CEA /* main.m */ = {isa = PBXFileReference; fileEncoding = 4; lastKnownFileType = sourcecode.c.objc; path = main.m; sourceTree = "<group>"; };
		301BF52D109A57CC0062928A /* CordovaLib.xcodeproj */ = {isa = PBXFileReference; lastKnownFileType = "wrapper.pb-project"; path = CordovaLib/CordovaLib.xcodeproj; sourceTree = "<group>"; };
		301BF56E109A69640062928A /* www */ = {isa = PBXFileReference; lastKnownFileType = folder; path = www; sourceTree = SOURCE_ROOT; };
		302D95EE14D2391D003F00A1 /* MainViewController.h */ = {isa = PBXFileReference; fileEncoding = 4; lastKnownFileType = sourcecode.c.h; path = MainViewController.h; sourceTree = "<group>"; };
		302D95EF14D2391D003F00A1 /* MainViewController.m */ = {isa = PBXFileReference; fileEncoding = 4; lastKnownFileType = sourcecode.c.objc; path = MainViewController.m; sourceTree = "<group>"; };
		302D95F014D2391D003F00A1 /* MainViewController.xib */ = {isa = PBXFileReference; fileEncoding = 4; lastKnownFileType = file.xib; path = MainViewController.xib; sourceTree = "<group>"; };
		3047A50F1AB8059700498E2A /* build-debug.xcconfig */ = {isa = PBXFileReference; fileEncoding = 4; lastKnownFileType = text.xcconfig; name = "build-debug.xcconfig"; path = cordova/build-debug.xcconfig; sourceTree = SOURCE_ROOT; };
		3047A5101AB8059700498E2A /* build-release.xcconfig */ = {isa = PBXFileReference; fileEncoding = 4; lastKnownFileType = text.xcconfig; name = "build-release.xcconfig"; path = cordova/build-release.xcconfig; sourceTree = SOURCE_ROOT; };
		3047A5111AB8059700498E2A /* build.xcconfig */ = {isa = PBXFileReference; fileEncoding = 4; lastKnownFileType = text.xcconfig; name = build.xcconfig; path = cordova/build.xcconfig; sourceTree = SOURCE_ROOT; };
		32CA4F630368D1EE00C91783 /* WooCommerce-Prefix.pch */ = {isa = PBXFileReference; fileEncoding = 4; lastKnownFileType = sourcecode.c.h; path = "WooCommerce-Prefix.pch"; sourceTree = "<group>"; };
		6AFF5BF81D6E424B00AB3073 /* CDVLaunchScreen.storyboard */ = {isa = PBXFileReference; fileEncoding = 4; lastKnownFileType = file.storyboard; name = CDVLaunchScreen.storyboard; path = "WooCommerce/CDVLaunchScreen.storyboard"; sourceTree = SOURCE_ROOT; };
		8D1107310486CEB800E47090 /* WooCommerce-Info.plist */ = {isa = PBXFileReference; fileEncoding = 4; lastKnownFileType = text.plist.xml; name = "WooCommerce-Info.plist"; path = "WooCommerce/WooCommerce-Info.plist"; plistStructureDefinitionIdentifier = "com.apple.xcode.plist.structure-definition.iphone.info-plist"; sourceTree = SOURCE_ROOT; };
		EB87FDF31871DA8E0020F90C /* www */ = {isa = PBXFileReference; lastKnownFileType = folder; name = www; path = ../../www; sourceTree = "<group>"; };
		EB87FDF41871DAF40020F90C /* config.xml */ = {isa = PBXFileReference; lastKnownFileType = text.xml; name = config.xml; path = ../../config.xml; sourceTree = "<group>"; };
		F840E1F0165FE0F500CFE078 /* config.xml */ = {isa = PBXFileReference; lastKnownFileType = text.xml; name = config.xml; path = "WooCommerce/config.xml"; sourceTree = "<group>"; };
		ED33DF2A687741AEAF9F8254 /* Bridging-Header.h */ = {isa = PBXFileReference; fileEncoding = 4; lastKnownFileType = sourcecode.c.h; name = "Bridging-Header.h"; path = "Bridging-Header.h"; sourceTree = "<group>"; };
		55109E5687294BE0A187ADFF /* PhotoViewer.m */ = {isa = PBXFileReference; name = "PhotoViewer.m"; path = "com-sarriaroman-photoviewer/PhotoViewer.m"; sourceTree = "<group>"; fileEncoding = 4; lastKnownFileType = sourcecode.c.objc; explicitFileType = undefined; includeInIndex = 0; };
		E6098C00F79C4DF9A1060E61 /* CDVFile.m */ = {isa = PBXFileReference; name = "CDVFile.m"; path = "cordova-plugin-file/CDVFile.m"; sourceTree = "<group>"; fileEncoding = 4; lastKnownFileType = sourcecode.c.objc; explicitFileType = undefined; includeInIndex = 0; };
		BA059A66B3AB41B395F4F28B /* CDVLocalFilesystem.m */ = {isa = PBXFileReference; name = "CDVLocalFilesystem.m"; path = "cordova-plugin-file/CDVLocalFilesystem.m"; sourceTree = "<group>"; fileEncoding = 4; lastKnownFileType = sourcecode.c.objc; explicitFileType = undefined; includeInIndex = 0; };
		2BC6521596AC4C4BB59DC425 /* CDVAssetLibraryFilesystem.m */ = {isa = PBXFileReference; name = "CDVAssetLibraryFilesystem.m"; path = "cordova-plugin-file/CDVAssetLibraryFilesystem.m"; sourceTree = "<group>"; fileEncoding = 4; lastKnownFileType = sourcecode.c.objc; explicitFileType = undefined; includeInIndex = 0; };
		9447FEFA1BA645EA85102D3D /* CDVFile.h */ = {isa = PBXFileReference; name = "CDVFile.h"; path = "cordova-plugin-file/CDVFile.h"; sourceTree = "<group>"; fileEncoding = 4; lastKnownFileType = sourcecode.c.h; explicitFileType = undefined; includeInIndex = 0; };
		01BD098139FD466FA9F343AF /* CDVLocalFilesystem.h */ = {isa = PBXFileReference; name = "CDVLocalFilesystem.h"; path = "cordova-plugin-file/CDVLocalFilesystem.h"; sourceTree = "<group>"; fileEncoding = 4; lastKnownFileType = sourcecode.c.h; explicitFileType = undefined; includeInIndex = 0; };
		F9047A71581E4844BEF967E4 /* CDVAssetLibraryFilesystem.h */ = {isa = PBXFileReference; name = "CDVAssetLibraryFilesystem.h"; path = "cordova-plugin-file/CDVAssetLibraryFilesystem.h"; sourceTree = "<group>"; fileEncoding = 4; lastKnownFileType = sourcecode.c.h; explicitFileType = undefined; includeInIndex = 0; };
		E2F7DB025D5D4CA4A19E6384 /* CordovaHttpPlugin.m */ = {isa = PBXFileReference; name = "CordovaHttpPlugin.m"; path = "cordova-plugin-advanced-http/CordovaHttpPlugin.m"; sourceTree = "<group>"; fileEncoding = 4; lastKnownFileType = sourcecode.c.objc; explicitFileType = undefined; includeInIndex = 0; };
		F7CD7650B832476C96C70834 /* TextResponseSerializer.m */ = {isa = PBXFileReference; name = "TextResponseSerializer.m"; path = "cordova-plugin-advanced-http/TextResponseSerializer.m"; sourceTree = "<group>"; fileEncoding = 4; lastKnownFileType = sourcecode.c.objc; explicitFileType = undefined; includeInIndex = 0; };
		6E6901B81E4A44309CE265AC /* TextRequestSerializer.m */ = {isa = PBXFileReference; name = "TextRequestSerializer.m"; path = "cordova-plugin-advanced-http/TextRequestSerializer.m"; sourceTree = "<group>"; fileEncoding = 4; lastKnownFileType = sourcecode.c.objc; explicitFileType = undefined; includeInIndex = 0; };
		F570D7E0C6EB4176A6A8753A /* AFHTTPSessionManager.m */ = {isa = PBXFileReference; name = "AFHTTPSessionManager.m"; path = "cordova-plugin-advanced-http/AFHTTPSessionManager.m"; sourceTree = "<group>"; fileEncoding = 4; lastKnownFileType = sourcecode.c.objc; explicitFileType = undefined; includeInIndex = 0; };
		AC1C7579A20142BD8CF9D8C7 /* AFNetworkReachabilityManager.m */ = {isa = PBXFileReference; name = "AFNetworkReachabilityManager.m"; path = "cordova-plugin-advanced-http/AFNetworkReachabilityManager.m"; sourceTree = "<group>"; fileEncoding = 4; lastKnownFileType = sourcecode.c.objc; explicitFileType = undefined; includeInIndex = 0; };
		99EA1EE3006849758EFBF779 /* AFSecurityPolicy.m */ = {isa = PBXFileReference; name = "AFSecurityPolicy.m"; path = "cordova-plugin-advanced-http/AFSecurityPolicy.m"; sourceTree = "<group>"; fileEncoding = 4; lastKnownFileType = sourcecode.c.objc; explicitFileType = undefined; includeInIndex = 0; };
		7E71A8BB64D04F1ABAA04E50 /* AFURLRequestSerialization.m */ = {isa = PBXFileReference; name = "AFURLRequestSerialization.m"; path = "cordova-plugin-advanced-http/AFURLRequestSerialization.m"; sourceTree = "<group>"; fileEncoding = 4; lastKnownFileType = sourcecode.c.objc; explicitFileType = undefined; includeInIndex = 0; };
		AA3AAA2148B042A8949DB81B /* AFURLResponseSerialization.m */ = {isa = PBXFileReference; name = "AFURLResponseSerialization.m"; path = "cordova-plugin-advanced-http/AFURLResponseSerialization.m"; sourceTree = "<group>"; fileEncoding = 4; lastKnownFileType = sourcecode.c.objc; explicitFileType = undefined; includeInIndex = 0; };
		425B440D168846D5A2C8C550 /* AFURLSessionManager.m */ = {isa = PBXFileReference; name = "AFURLSessionManager.m"; path = "cordova-plugin-advanced-http/AFURLSessionManager.m"; sourceTree = "<group>"; fileEncoding = 4; lastKnownFileType = sourcecode.c.objc; explicitFileType = undefined; includeInIndex = 0; };
		7B181F3FD8DF4637B8517D96 /* CordovaHttpPlugin.h */ = {isa = PBXFileReference; name = "CordovaHttpPlugin.h"; path = "cordova-plugin-advanced-http/CordovaHttpPlugin.h"; sourceTree = "<group>"; fileEncoding = 4; lastKnownFileType = sourcecode.c.h; explicitFileType = undefined; includeInIndex = 0; };
		18C474B771EE487E94379EEC /* TextResponseSerializer.h */ = {isa = PBXFileReference; name = "TextResponseSerializer.h"; path = "cordova-plugin-advanced-http/TextResponseSerializer.h"; sourceTree = "<group>"; fileEncoding = 4; lastKnownFileType = sourcecode.c.h; explicitFileType = undefined; includeInIndex = 0; };
		A5944163E30C44B1947538FD /* TextRequestSerializer.h */ = {isa = PBXFileReference; name = "TextRequestSerializer.h"; path = "cordova-plugin-advanced-http/TextRequestSerializer.h"; sourceTree = "<group>"; fileEncoding = 4; lastKnownFileType = sourcecode.c.h; explicitFileType = undefined; includeInIndex = 0; };
		9FB8EA2F699E4D558FD46560 /* AFHTTPSessionManager.h */ = {isa = PBXFileReference; name = "AFHTTPSessionManager.h"; path = "cordova-plugin-advanced-http/AFHTTPSessionManager.h"; sourceTree = "<group>"; fileEncoding = 4; lastKnownFileType = sourcecode.c.h; explicitFileType = undefined; includeInIndex = 0; };
		D998A4A77CB34365BC888C98 /* AFNetworking.h */ = {isa = PBXFileReference; name = "AFNetworking.h"; path = "cordova-plugin-advanced-http/AFNetworking.h"; sourceTree = "<group>"; fileEncoding = 4; lastKnownFileType = sourcecode.c.h; explicitFileType = undefined; includeInIndex = 0; };
		046AE52410334F2891454FA0 /* AFNetworkReachabilityManager.h */ = {isa = PBXFileReference; name = "AFNetworkReachabilityManager.h"; path = "cordova-plugin-advanced-http/AFNetworkReachabilityManager.h"; sourceTree = "<group>"; fileEncoding = 4; lastKnownFileType = sourcecode.c.h; explicitFileType = undefined; includeInIndex = 0; };
		88D4B84D22FE4BD3BBA57C9E /* AFSecurityPolicy.h */ = {isa = PBXFileReference; name = "AFSecurityPolicy.h"; path = "cordova-plugin-advanced-http/AFSecurityPolicy.h"; sourceTree = "<group>"; fileEncoding = 4; lastKnownFileType = sourcecode.c.h; explicitFileType = undefined; includeInIndex = 0; };
		D0A8F0E46BD94A41A830A37C /* AFURLRequestSerialization.h */ = {isa = PBXFileReference; name = "AFURLRequestSerialization.h"; path = "cordova-plugin-advanced-http/AFURLRequestSerialization.h"; sourceTree = "<group>"; fileEncoding = 4; lastKnownFileType = sourcecode.c.h; explicitFileType = undefined; includeInIndex = 0; };
		632DDB0D41E64EE684F5747E /* AFURLResponseSerialization.h */ = {isa = PBXFileReference; name = "AFURLResponseSerialization.h"; path = "cordova-plugin-advanced-http/AFURLResponseSerialization.h"; sourceTree = "<group>"; fileEncoding = 4; lastKnownFileType = sourcecode.c.h; explicitFileType = undefined; includeInIndex = 0; };
		B77A667FDC7746E291B68B11 /* AFURLSessionManager.h */ = {isa = PBXFileReference; name = "AFURLSessionManager.h"; path = "cordova-plugin-advanced-http/AFURLSessionManager.h"; sourceTree = "<group>"; fileEncoding = 4; lastKnownFileType = sourcecode.c.h; explicitFileType = undefined; includeInIndex = 0; };
		126FE95823E04656BCE15F5D /* Security.framework */ = {isa = PBXFileReference; name = "Security.framework"; path = "System/Library/Frameworks/Security.framework"; sourceTree = SDKROOT; fileEncoding = undefined; lastKnownFileType = wrapper.framework; explicitFileType = undefined; includeInIndex = 0; };
		FC152A6515564CF183B2CACC /* SystemConfiguration.framework */ = {isa = PBXFileReference; name = "SystemConfiguration.framework"; path = "System/Library/Frameworks/SystemConfiguration.framework"; sourceTree = SDKROOT; fileEncoding = undefined; lastKnownFileType = wrapper.framework; explicitFileType = undefined; includeInIndex = 0; };
		243D1B8FA48F4FFFB90F3C97 /* CDVNotification.m */ = {isa = PBXFileReference; name = "CDVNotification.m"; path = "cordova-plugin-dialogs/CDVNotification.m"; sourceTree = "<group>"; fileEncoding = 4; lastKnownFileType = sourcecode.c.objc; explicitFileType = undefined; includeInIndex = 0; };
		CA1D45BE99BB4213ABA4120E /* CDVNotification.h */ = {isa = PBXFileReference; name = "CDVNotification.h"; path = "cordova-plugin-dialogs/CDVNotification.h"; sourceTree = "<group>"; fileEncoding = 4; lastKnownFileType = sourcecode.c.h; explicitFileType = undefined; includeInIndex = 0; };
		268EF9F092F24A26AE494C90 /* CDVNotification.bundle */ = {isa = PBXFileReference; name = "CDVNotification.bundle"; path = "CDVNotification.bundle"; sourceTree = "<group>"; fileEncoding = undefined; lastKnownFileType = wrapper.plug-in; explicitFileType = undefined; includeInIndex = 0; };
		3EBCFAC706204992BBBCA66D /* AudioToolbox.framework */ = {isa = PBXFileReference; name = "AudioToolbox.framework"; path = "System/Library/Frameworks/AudioToolbox.framework"; sourceTree = SDKROOT; fileEncoding = undefined; lastKnownFileType = wrapper.framework; explicitFileType = undefined; includeInIndex = 0; };
		913DA9C0ACCA446891498741 /* CDVGlobalization.m */ = {isa = PBXFileReference; name = "CDVGlobalization.m"; path = "cordova-plugin-globalization/CDVGlobalization.m"; sourceTree = "<group>"; fileEncoding = 4; lastKnownFileType = sourcecode.c.objc; explicitFileType = undefined; includeInIndex = 0; };
		794EC9C6AFA345588075D93D /* CDVGlobalization.h */ = {isa = PBXFileReference; name = "CDVGlobalization.h"; path = "cordova-plugin-globalization/CDVGlobalization.h"; sourceTree = "<group>"; fileEncoding = 4; lastKnownFileType = sourcecode.c.h; explicitFileType = undefined; includeInIndex = 0; };
		18FF6B19B2A549F8A44CFC4E /* CDVInAppBrowser.m */ = {isa = PBXFileReference; name = "CDVInAppBrowser.m"; path = "cordova-plugin-inappbrowser/CDVInAppBrowser.m"; sourceTree = "<group>"; fileEncoding = 4; lastKnownFileType = sourcecode.c.objc; explicitFileType = undefined; includeInIndex = 0; };
		F4F2FDE54B8F4E67AC2A5A0E /* CDVInAppBrowser.h */ = {isa = PBXFileReference; name = "CDVInAppBrowser.h"; path = "cordova-plugin-inappbrowser/CDVInAppBrowser.h"; sourceTree = "<group>"; fileEncoding = 4; lastKnownFileType = sourcecode.c.h; explicitFileType = undefined; includeInIndex = 0; };
		4C04246BC3B147FFADCD196F /* CDVAppRate.m */ = {isa = PBXFileReference; name = "CDVAppRate.m"; path = "cordova-plugin-apprate/CDVAppRate.m"; sourceTree = "<group>"; fileEncoding = 4; lastKnownFileType = sourcecode.c.objc; explicitFileType = undefined; includeInIndex = 0; };
		8884387F7F1C4E9284008294 /* CDVAppRate.h */ = {isa = PBXFileReference; name = "CDVAppRate.h"; path = "cordova-plugin-apprate/CDVAppRate.h"; sourceTree = "<group>"; fileEncoding = 4; lastKnownFileType = sourcecode.c.h; explicitFileType = undefined; includeInIndex = 0; };
		757766D0C707444D90372997 /* StoreKit.framework */ = {isa = PBXFileReference; name = "StoreKit.framework"; path = "System/Library/Frameworks/StoreKit.framework"; sourceTree = SDKROOT; fileEncoding = undefined; lastKnownFileType = wrapper.framework; explicitFileType = undefined; includeInIndex = 0; };
		97D15B2425F745939D97AFC0 /* CDVDevice.m */ = {isa = PBXFileReference; name = "CDVDevice.m"; path = "cordova-plugin-device/CDVDevice.m"; sourceTree = "<group>"; fileEncoding = 4; lastKnownFileType = sourcecode.c.objc; explicitFileType = undefined; includeInIndex = 0; };
		54432AAAFE2241E385B8D239 /* CDVDevice.h */ = {isa = PBXFileReference; name = "CDVDevice.h"; path = "cordova-plugin-device/CDVDevice.h"; sourceTree = "<group>"; fileEncoding = 4; lastKnownFileType = sourcecode.c.h; explicitFileType = undefined; includeInIndex = 0; };
		8E8441BC83FE4FC4B349830D /* APPEmailComposer.m */ = {isa = PBXFileReference; name = "APPEmailComposer.m"; path = "cordova-plugin-email-composer/APPEmailComposer.m"; sourceTree = "<group>"; fileEncoding = 4; lastKnownFileType = sourcecode.c.objc; explicitFileType = undefined; includeInIndex = 0; };
		8A6910D7C8AE46949ACC16E4 /* APPEmailComposerImpl.m */ = {isa = PBXFileReference; name = "APPEmailComposerImpl.m"; path = "cordova-plugin-email-composer/APPEmailComposerImpl.m"; sourceTree = "<group>"; fileEncoding = 4; lastKnownFileType = sourcecode.c.objc; explicitFileType = undefined; includeInIndex = 0; };
		7963C705BC0E4004AE9E1F2E /* APPEmailComposer.h */ = {isa = PBXFileReference; name = "APPEmailComposer.h"; path = "cordova-plugin-email-composer/APPEmailComposer.h"; sourceTree = "<group>"; fileEncoding = 4; lastKnownFileType = sourcecode.c.h; explicitFileType = undefined; includeInIndex = 0; };
		EAD20A73CF154F938DBFC972 /* APPEmailComposerImpl.h */ = {isa = PBXFileReference; name = "APPEmailComposerImpl.h"; path = "cordova-plugin-email-composer/APPEmailComposerImpl.h"; sourceTree = "<group>"; fileEncoding = 4; lastKnownFileType = sourcecode.c.h; explicitFileType = undefined; includeInIndex = 0; };
		EE986B45430141208ADFCF42 /* MessageUI.framework */ = {isa = PBXFileReference; name = "MessageUI.framework"; path = "System/Library/Frameworks/MessageUI.framework"; sourceTree = SDKROOT; fileEncoding = undefined; lastKnownFileType = wrapper.framework; explicitFileType = undefined; includeInIndex = 0; };
		E38D9CEECA8D45268D51C3A9 /* CDVIonicKeyboard.m */ = {isa = PBXFileReference; name = "CDVIonicKeyboard.m"; path = "cordova-plugin-ionic-keyboard/CDVIonicKeyboard.m"; sourceTree = "<group>"; fileEncoding = 4; lastKnownFileType = sourcecode.c.objc; explicitFileType = undefined; includeInIndex = 0; };
		795327AA44364F0F85E9F862 /* CDVIonicKeyboard.h */ = {isa = PBXFileReference; name = "CDVIonicKeyboard.h"; path = "cordova-plugin-ionic-keyboard/CDVIonicKeyboard.h"; sourceTree = "<group>"; fileEncoding = 4; lastKnownFileType = sourcecode.c.h; explicitFileType = undefined; includeInIndex = 0; };
		03FA0E9A491F4B7B8E90E501 /* CDVWKWebViewEngine.m */ = {isa = PBXFileReference; name = "CDVWKWebViewEngine.m"; path = "cordova-plugin-ionic-webview/CDVWKWebViewEngine.m"; sourceTree = "<group>"; fileEncoding = 4; lastKnownFileType = sourcecode.c.objc; explicitFileType = undefined; includeInIndex = 0; };
		CAE4DFA66C78480A8E886B65 /* CDVWKWebViewUIDelegate.m */ = {isa = PBXFileReference; name = "CDVWKWebViewUIDelegate.m"; path = "cordova-plugin-ionic-webview/CDVWKWebViewUIDelegate.m"; sourceTree = "<group>"; fileEncoding = 4; lastKnownFileType = sourcecode.c.objc; explicitFileType = undefined; includeInIndex = 0; };
		E2DA3E3319EC4C30AE3A809B /* CDVWKProcessPoolFactory.m */ = {isa = PBXFileReference; name = "CDVWKProcessPoolFactory.m"; path = "cordova-plugin-ionic-webview/CDVWKProcessPoolFactory.m"; sourceTree = "<group>"; fileEncoding = 4; lastKnownFileType = sourcecode.c.objc; explicitFileType = undefined; includeInIndex = 0; };
		339254E0B4A043F3BE64EABD /* GCDWebServer.m */ = {isa = PBXFileReference; name = "GCDWebServer.m"; path = "cordova-plugin-ionic-webview/GCDWebServer.m"; sourceTree = "<group>"; fileEncoding = 4; lastKnownFileType = sourcecode.c.objc; explicitFileType = undefined; includeInIndex = 0; };
		0E25E2427D5946B1BF9F3632 /* GCDWebServerConnection.m */ = {isa = PBXFileReference; name = "GCDWebServerConnection.m"; path = "cordova-plugin-ionic-webview/GCDWebServerConnection.m"; sourceTree = "<group>"; fileEncoding = 4; lastKnownFileType = sourcecode.c.objc; explicitFileType = undefined; includeInIndex = 0; };
		30667C17DB8E4A4D9292AE55 /* GCDWebServerFunctions.m */ = {isa = PBXFileReference; name = "GCDWebServerFunctions.m"; path = "cordova-plugin-ionic-webview/GCDWebServerFunctions.m"; sourceTree = "<group>"; fileEncoding = 4; lastKnownFileType = sourcecode.c.objc; explicitFileType = undefined; includeInIndex = 0; };
		601B1845AF69407086D012F4 /* GCDWebServerRequest.m */ = {isa = PBXFileReference; name = "GCDWebServerRequest.m"; path = "cordova-plugin-ionic-webview/GCDWebServerRequest.m"; sourceTree = "<group>"; fileEncoding = 4; lastKnownFileType = sourcecode.c.objc; explicitFileType = undefined; includeInIndex = 0; };
		0B7B5AFF8D4B4E3BA5157EDC /* GCDWebServerResponse.m */ = {isa = PBXFileReference; name = "GCDWebServerResponse.m"; path = "cordova-plugin-ionic-webview/GCDWebServerResponse.m"; sourceTree = "<group>"; fileEncoding = 4; lastKnownFileType = sourcecode.c.objc; explicitFileType = undefined; includeInIndex = 0; };
		D008CE58B8C24018918C6026 /* GCDWebServerDataRequest.m */ = {isa = PBXFileReference; name = "GCDWebServerDataRequest.m"; path = "cordova-plugin-ionic-webview/GCDWebServerDataRequest.m"; sourceTree = "<group>"; fileEncoding = 4; lastKnownFileType = sourcecode.c.objc; explicitFileType = undefined; includeInIndex = 0; };
		C9132B39CD8F48DEA9E7B4DE /* GCDWebServerFileRequest.m */ = {isa = PBXFileReference; name = "GCDWebServerFileRequest.m"; path = "cordova-plugin-ionic-webview/GCDWebServerFileRequest.m"; sourceTree = "<group>"; fileEncoding = 4; lastKnownFileType = sourcecode.c.objc; explicitFileType = undefined; includeInIndex = 0; };
		5791A8D52BA249CC82BA19A8 /* GCDWebServerMultiPartFormRequest.m */ = {isa = PBXFileReference; name = "GCDWebServerMultiPartFormRequest.m"; path = "cordova-plugin-ionic-webview/GCDWebServerMultiPartFormRequest.m"; sourceTree = "<group>"; fileEncoding = 4; lastKnownFileType = sourcecode.c.objc; explicitFileType = undefined; includeInIndex = 0; };
		88BDAAC2445A4E5FB0ED431C /* GCDWebServerURLEncodedFormRequest.m */ = {isa = PBXFileReference; name = "GCDWebServerURLEncodedFormRequest.m"; path = "cordova-plugin-ionic-webview/GCDWebServerURLEncodedFormRequest.m"; sourceTree = "<group>"; fileEncoding = 4; lastKnownFileType = sourcecode.c.objc; explicitFileType = undefined; includeInIndex = 0; };
		3FFAF5262C4E49F5A6FABF9C /* GCDWebServerDataResponse.m */ = {isa = PBXFileReference; name = "GCDWebServerDataResponse.m"; path = "cordova-plugin-ionic-webview/GCDWebServerDataResponse.m"; sourceTree = "<group>"; fileEncoding = 4; lastKnownFileType = sourcecode.c.objc; explicitFileType = undefined; includeInIndex = 0; };
		468BC6D6D4BD44A7AB8F740C /* GCDWebServerErrorResponse.m */ = {isa = PBXFileReference; name = "GCDWebServerErrorResponse.m"; path = "cordova-plugin-ionic-webview/GCDWebServerErrorResponse.m"; sourceTree = "<group>"; fileEncoding = 4; lastKnownFileType = sourcecode.c.objc; explicitFileType = undefined; includeInIndex = 0; };
		E1865FD09B714F87AA4C2282 /* GCDWebServerFileResponse.m */ = {isa = PBXFileReference; name = "GCDWebServerFileResponse.m"; path = "cordova-plugin-ionic-webview/GCDWebServerFileResponse.m"; sourceTree = "<group>"; fileEncoding = 4; lastKnownFileType = sourcecode.c.objc; explicitFileType = undefined; includeInIndex = 0; };
		882C81F8AF2E4DA28F81FEA7 /* GCDWebServerStreamedResponse.m */ = {isa = PBXFileReference; name = "GCDWebServerStreamedResponse.m"; path = "cordova-plugin-ionic-webview/GCDWebServerStreamedResponse.m"; sourceTree = "<group>"; fileEncoding = 4; lastKnownFileType = sourcecode.c.objc; explicitFileType = undefined; includeInIndex = 0; };
		EFA1F4F70C0145BE8ECE4006 /* CDVWKWebViewEngine.h */ = {isa = PBXFileReference; name = "CDVWKWebViewEngine.h"; path = "cordova-plugin-ionic-webview/CDVWKWebViewEngine.h"; sourceTree = "<group>"; fileEncoding = 4; lastKnownFileType = sourcecode.c.h; explicitFileType = undefined; includeInIndex = 0; };
		B500146A8F1A4523BE03FF82 /* CDVWKWebViewUIDelegate.h */ = {isa = PBXFileReference; name = "CDVWKWebViewUIDelegate.h"; path = "cordova-plugin-ionic-webview/CDVWKWebViewUIDelegate.h"; sourceTree = "<group>"; fileEncoding = 4; lastKnownFileType = sourcecode.c.h; explicitFileType = undefined; includeInIndex = 0; };
		0DA48CED18EA4930B7DFEF19 /* CDVWKProcessPoolFactory.h */ = {isa = PBXFileReference; name = "CDVWKProcessPoolFactory.h"; path = "cordova-plugin-ionic-webview/CDVWKProcessPoolFactory.h"; sourceTree = "<group>"; fileEncoding = 4; lastKnownFileType = sourcecode.c.h; explicitFileType = undefined; includeInIndex = 0; };
		AC037427EB2146C1884CB5C0 /* GCDWebServer.h */ = {isa = PBXFileReference; name = "GCDWebServer.h"; path = "cordova-plugin-ionic-webview/GCDWebServer.h"; sourceTree = "<group>"; fileEncoding = 4; lastKnownFileType = sourcecode.c.h; explicitFileType = undefined; includeInIndex = 0; };
		40E5DE08C4CC468884098C16 /* GCDWebServerConnection.h */ = {isa = PBXFileReference; name = "GCDWebServerConnection.h"; path = "cordova-plugin-ionic-webview/GCDWebServerConnection.h"; sourceTree = "<group>"; fileEncoding = 4; lastKnownFileType = sourcecode.c.h; explicitFileType = undefined; includeInIndex = 0; };
		9D529EE8FA464CC683157E32 /* GCDWebServerFunctions.h */ = {isa = PBXFileReference; name = "GCDWebServerFunctions.h"; path = "cordova-plugin-ionic-webview/GCDWebServerFunctions.h"; sourceTree = "<group>"; fileEncoding = 4; lastKnownFileType = sourcecode.c.h; explicitFileType = undefined; includeInIndex = 0; };
		88389903A835440EA04F638A /* GCDWebServerHTTPStatusCodes.h */ = {isa = PBXFileReference; name = "GCDWebServerHTTPStatusCodes.h"; path = "cordova-plugin-ionic-webview/GCDWebServerHTTPStatusCodes.h"; sourceTree = "<group>"; fileEncoding = 4; lastKnownFileType = sourcecode.c.h; explicitFileType = undefined; includeInIndex = 0; };
		18AAFABB032349FCBFABB37B /* GCDWebServerPrivate.h */ = {isa = PBXFileReference; name = "GCDWebServerPrivate.h"; path = "cordova-plugin-ionic-webview/GCDWebServerPrivate.h"; sourceTree = "<group>"; fileEncoding = 4; lastKnownFileType = sourcecode.c.h; explicitFileType = undefined; includeInIndex = 0; };
		2928BC061D2C487C82164410 /* GCDWebServerRequest.h */ = {isa = PBXFileReference; name = "GCDWebServerRequest.h"; path = "cordova-plugin-ionic-webview/GCDWebServerRequest.h"; sourceTree = "<group>"; fileEncoding = 4; lastKnownFileType = sourcecode.c.h; explicitFileType = undefined; includeInIndex = 0; };
		971638ED282246D0B10749D7 /* GCDWebServerResponse.h */ = {isa = PBXFileReference; name = "GCDWebServerResponse.h"; path = "cordova-plugin-ionic-webview/GCDWebServerResponse.h"; sourceTree = "<group>"; fileEncoding = 4; lastKnownFileType = sourcecode.c.h; explicitFileType = undefined; includeInIndex = 0; };
		A43D9349201C4C7DBAE8D281 /* GCDWebServerDataRequest.h */ = {isa = PBXFileReference; name = "GCDWebServerDataRequest.h"; path = "cordova-plugin-ionic-webview/GCDWebServerDataRequest.h"; sourceTree = "<group>"; fileEncoding = 4; lastKnownFileType = sourcecode.c.h; explicitFileType = undefined; includeInIndex = 0; };
		CA95E63FAE064FA08B55319C /* GCDWebServerFileRequest.h */ = {isa = PBXFileReference; name = "GCDWebServerFileRequest.h"; path = "cordova-plugin-ionic-webview/GCDWebServerFileRequest.h"; sourceTree = "<group>"; fileEncoding = 4; lastKnownFileType = sourcecode.c.h; explicitFileType = undefined; includeInIndex = 0; };
		37D22C2088FB4212AF7EE28E /* GCDWebServerMultiPartFormRequest.h */ = {isa = PBXFileReference; name = "GCDWebServerMultiPartFormRequest.h"; path = "cordova-plugin-ionic-webview/GCDWebServerMultiPartFormRequest.h"; sourceTree = "<group>"; fileEncoding = 4; lastKnownFileType = sourcecode.c.h; explicitFileType = undefined; includeInIndex = 0; };
		B834EEAC333245B8BBEBD4E9 /* GCDWebServerURLEncodedFormRequest.h */ = {isa = PBXFileReference; name = "GCDWebServerURLEncodedFormRequest.h"; path = "cordova-plugin-ionic-webview/GCDWebServerURLEncodedFormRequest.h"; sourceTree = "<group>"; fileEncoding = 4; lastKnownFileType = sourcecode.c.h; explicitFileType = undefined; includeInIndex = 0; };
		CA4690036BC8469BB4BDB7B2 /* GCDWebServerDataResponse.h */ = {isa = PBXFileReference; name = "GCDWebServerDataResponse.h"; path = "cordova-plugin-ionic-webview/GCDWebServerDataResponse.h"; sourceTree = "<group>"; fileEncoding = 4; lastKnownFileType = sourcecode.c.h; explicitFileType = undefined; includeInIndex = 0; };
		928187508BE549D5B3D0C865 /* GCDWebServerErrorResponse.h */ = {isa = PBXFileReference; name = "GCDWebServerErrorResponse.h"; path = "cordova-plugin-ionic-webview/GCDWebServerErrorResponse.h"; sourceTree = "<group>"; fileEncoding = 4; lastKnownFileType = sourcecode.c.h; explicitFileType = undefined; includeInIndex = 0; };
		0A744FAB3D3C4295BF571D5A /* GCDWebServerFileResponse.h */ = {isa = PBXFileReference; name = "GCDWebServerFileResponse.h"; path = "cordova-plugin-ionic-webview/GCDWebServerFileResponse.h"; sourceTree = "<group>"; fileEncoding = 4; lastKnownFileType = sourcecode.c.h; explicitFileType = undefined; includeInIndex = 0; };
		28237B802B4F4C258B5E7FE0 /* GCDWebServerStreamedResponse.h */ = {isa = PBXFileReference; name = "GCDWebServerStreamedResponse.h"; path = "cordova-plugin-ionic-webview/GCDWebServerStreamedResponse.h"; sourceTree = "<group>"; fileEncoding = 4; lastKnownFileType = sourcecode.c.h; explicitFileType = undefined; includeInIndex = 0; };
		E04E9618BD5C4D6AACA08CE5 /* WebKit.framework */ = {isa = PBXFileReference; name = "WebKit.framework"; path = "System/Library/Frameworks/WebKit.framework"; sourceTree = SDKROOT; fileEncoding = undefined; lastKnownFileType = wrapper.framework; explicitFileType = undefined; includeInIndex = 0; };
		12BB31F323B44C8086619C93 /* libz.tbd */ = {isa = PBXFileReference; name = "libz.tbd"; path = "usr/lib/libz.tbd"; sourceTree = SDKROOT; fileEncoding = undefined; lastKnownFileType = sourcecode.text-based-dylib-definition; explicitFileType = undefined; includeInIndex = 0; };
		EBEEA93C5B67460F87575671 /* NativeStorage.m */ = {isa = PBXFileReference; name = "NativeStorage.m"; path = "cordova-plugin-nativestorage/NativeStorage.m"; sourceTree = "<group>"; fileEncoding = 4; lastKnownFileType = sourcecode.c.objc; explicitFileType = undefined; includeInIndex = 0; };
		03D1CDEFD7114EC8B7A4ADEB /* NativeStorage.h */ = {isa = PBXFileReference; name = "NativeStorage.h"; path = "cordova-plugin-nativestorage/NativeStorage.h"; sourceTree = "<group>"; fileEncoding = 4; lastKnownFileType = sourcecode.c.h; explicitFileType = undefined; includeInIndex = 0; };
		20300BA7D0574D4E98398002 /* CDVSplashScreen.m */ = {isa = PBXFileReference; name = "CDVSplashScreen.m"; path = "cordova-plugin-splashscreen/CDVSplashScreen.m"; sourceTree = "<group>"; fileEncoding = 4; lastKnownFileType = sourcecode.c.objc; explicitFileType = undefined; includeInIndex = 0; };
		A5776568F4C74FD0BD7095B3 /* CDVViewController+SplashScreen.m */ = {isa = PBXFileReference; name = "CDVViewController+SplashScreen.m"; path = "cordova-plugin-splashscreen/CDVViewController+SplashScreen.m"; sourceTree = "<group>"; fileEncoding = 4; lastKnownFileType = sourcecode.c.objc; explicitFileType = undefined; includeInIndex = 0; };
		F339044168D94854849CB207 /* CDVSplashScreen.h */ = {isa = PBXFileReference; name = "CDVSplashScreen.h"; path = "cordova-plugin-splashscreen/CDVSplashScreen.h"; sourceTree = "<group>"; fileEncoding = 4; lastKnownFileType = sourcecode.c.h; explicitFileType = undefined; includeInIndex = 0; };
		F90CB706DCBD40AFA3EFD054 /* CDVViewController+SplashScreen.h */ = {isa = PBXFileReference; name = "CDVViewController+SplashScreen.h"; path = "cordova-plugin-splashscreen/CDVViewController+SplashScreen.h"; sourceTree = "<group>"; fileEncoding = 4; lastKnownFileType = sourcecode.c.h; explicitFileType = undefined; includeInIndex = 0; };
		26904A6B8A7E4FC0AB75FB3D /* NSString+SSURLEncoding.m */ = {isa = PBXFileReference; name = "NSString+SSURLEncoding.m"; path = "cordova-plugin-x-socialsharing/NSString+SSURLEncoding.m"; sourceTree = "<group>"; fileEncoding = 4; lastKnownFileType = sourcecode.c.objc; explicitFileType = undefined; includeInIndex = 0; };
		79E0EDBCB2344BE7BBA97A97 /* SocialSharing.m */ = {isa = PBXFileReference; name = "SocialSharing.m"; path = "cordova-plugin-x-socialsharing/SocialSharing.m"; sourceTree = "<group>"; fileEncoding = 4; lastKnownFileType = sourcecode.c.objc; explicitFileType = undefined; includeInIndex = 0; };
		5C502A8AE89947EE9B98F25D /* NSString+SSURLEncoding.h */ = {isa = PBXFileReference; name = "NSString+SSURLEncoding.h"; path = "cordova-plugin-x-socialsharing/NSString+SSURLEncoding.h"; sourceTree = "<group>"; fileEncoding = 4; lastKnownFileType = sourcecode.c.h; explicitFileType = undefined; includeInIndex = 0; };
		A5579349DDB44A74AB6D64E3 /* SocialSharing.h */ = {isa = PBXFileReference; name = "SocialSharing.h"; path = "cordova-plugin-x-socialsharing/SocialSharing.h"; sourceTree = "<group>"; fileEncoding = 4; lastKnownFileType = sourcecode.c.h; explicitFileType = undefined; includeInIndex = 0; };
		4ABEEA0FD93A441DA34C6673 /* Social.framework */ = {isa = PBXFileReference; name = "Social.framework"; path = "System/Library/Frameworks/Social.framework"; sourceTree = SDKROOT; fileEncoding = undefined; lastKnownFileType = wrapper.framework; explicitFileType = undefined; includeInIndex = 0; };
		6360522A7ED0474FAE304A80 /* CFCallNumber.m */ = {isa = PBXFileReference; name = "CFCallNumber.m"; path = "mx.ferreyra.callnumber/CFCallNumber.m"; sourceTree = "<group>"; fileEncoding = 4; lastKnownFileType = sourcecode.c.objc; explicitFileType = undefined; includeInIndex = 0; };
		3A94895C943348EA88DD5C7B /* CFCallNumber.h */ = {isa = PBXFileReference; name = "CFCallNumber.h"; path = "mx.ferreyra.callnumber/CFCallNumber.h"; sourceTree = "<group>"; fileEncoding = 4; lastKnownFileType = sourcecode.c.h; explicitFileType = undefined; includeInIndex = 0; };
		7F1EC7B30A39477089BDBE04 /* OneSignalPush.m */ = {isa = PBXFileReference; name = "OneSignalPush.m"; path = "onesignal-cordova-plugin/OneSignalPush.m"; sourceTree = "<group>"; fileEncoding = 4; lastKnownFileType = sourcecode.c.objc; explicitFileType = undefined; includeInIndex = 0; };
		44D7176788AF4C7288222B78 /* OneSignalPush.h */ = {isa = PBXFileReference; name = "OneSignalPush.h"; path = "onesignal-cordova-plugin/OneSignalPush.h"; sourceTree = "<group>"; fileEncoding = 4; lastKnownFileType = sourcecode.c.h; explicitFileType = undefined; includeInIndex = 0; };
/* End PBXFileReference section */

/* Begin PBXFrameworksBuildPhase section */
		1D60588F0D05DD3D006BFB54 /* Frameworks */ = {
			isa = PBXFrameworksBuildPhase;
			buildActionMask = 2147483647;
			files = (
				301BF552109A68D80062928A /* libCordova.a in Frameworks */,
				85AFF192A39746C0988EA6B9 /* Security.framework in Frameworks */,
				590A3817304C4423977A8A86 /* SystemConfiguration.framework in Frameworks */,
				592BAD5ADA7D482BBD944757 /* AudioToolbox.framework in Frameworks */,
				26E590AD8F5446819E293705 /* StoreKit.framework in Frameworks */,
				F34C46C1436645098964D5F2 /* MessageUI.framework in Frameworks */,
				DDCA383E48A443C3BAC7026E /* WebKit.framework in Frameworks */,
				B4DF91DF0E624EB993C51DB0 /* libz.tbd in Frameworks */,
				050C4F1001F54CF59460B4E7 /* Social.framework in Frameworks */,
			);
			runOnlyForDeploymentPostprocessing = 0;
		};
/* End PBXFrameworksBuildPhase section */

/* Begin PBXGroup section */
		080E96DDFE201D6D7F000001 /* Classes */ = {
			isa = PBXGroup;
			children = (
				302D95EE14D2391D003F00A1 /* MainViewController.h */,
				302D95EF14D2391D003F00A1 /* MainViewController.m */,
				302D95F014D2391D003F00A1 /* MainViewController.xib */,
				1D3623240D0F684500981E51 /* AppDelegate.h */,
				1D3623250D0F684500981E51 /* AppDelegate.m */,
			);
			name = Classes;
			path = "WooCommerce/Classes";
			sourceTree = SOURCE_ROOT;
		};
		19C28FACFE9D520D11CA2CBB /* Products */ = {
			isa = PBXGroup;
			children = (
				1D6058910D05DD3D006BFB54 /* WooCommerce.app */,
			);
			name = Products;
			sourceTree = "<group>";
		};
		29B97314FDCFA39411CA2CEA /* CustomTemplate */ = {
			isa = PBXGroup;
			children = (
				EB87FDF41871DAF40020F90C /* config.xml */,
				EB87FDF31871DA8E0020F90C /* www */,
				EB87FDF11871DA420020F90C /* Staging */,
				301BF52D109A57CC0062928A /* CordovaLib.xcodeproj */,
				080E96DDFE201D6D7F000001 /* Classes */,
				307C750510C5A3420062BCA9 /* Plugins */,
				29B97315FDCFA39411CA2CEA /* Other Sources */,
				29B97317FDCFA39411CA2CEA /* Resources */,
				29B97323FDCFA39411CA2CEA /* Frameworks */,
				19C28FACFE9D520D11CA2CBB /* Products */,
			);
			name = CustomTemplate;
			sourceTree = "<group>";
		};
		29B97315FDCFA39411CA2CEA /* Other Sources */ = {
			isa = PBXGroup;
			children = (
				32CA4F630368D1EE00C91783 /* WooCommerce-Prefix.pch */,
				29B97316FDCFA39411CA2CEA /* main.m */,
				ED33DF2A687741AEAF9F8254 /* Bridging-Header.h */,
			);
			name = "Other Sources";
			path = "WooCommerce";
			sourceTree = "<group>";
		};
		29B97317FDCFA39411CA2CEA /* Resources */ = {
			isa = PBXGroup;
			children = (
				0207DA571B56EA530066E2B4 /* Images.xcassets */,
				3047A50E1AB8057F00498E2A /* config */,
				8D1107310486CEB800E47090 /* WooCommerce-Info.plist */,
				6AFF5BF81D6E424B00AB3073 /* CDVLaunchScreen.storyboard */,
				268EF9F092F24A26AE494C90 /* CDVNotification.bundle */,
			);
			name = Resources;
			path = "WooCommerce/Resources";
			sourceTree = "<group>";
		};
		29B97323FDCFA39411CA2CEA /* Frameworks */ = {
			isa = PBXGroup;
			children = (
				126FE95823E04656BCE15F5D /* Security.framework */,
				FC152A6515564CF183B2CACC /* SystemConfiguration.framework */,
				3EBCFAC706204992BBBCA66D /* AudioToolbox.framework */,
				757766D0C707444D90372997 /* StoreKit.framework */,
				EE986B45430141208ADFCF42 /* MessageUI.framework */,
				E04E9618BD5C4D6AACA08CE5 /* WebKit.framework */,
				12BB31F323B44C8086619C93 /* libz.tbd */,
				4ABEEA0FD93A441DA34C6673 /* Social.framework */,
			);
			name = Frameworks;
			sourceTree = "<group>";
		};
		301BF52E109A57CC0062928A /* Products */ = {
			isa = PBXGroup;
			children = (
				301BF535109A57CC0062928A /* libCordova.a */,
			);
			name = Products;
			sourceTree = "<group>";
		};
		3047A50E1AB8057F00498E2A /* config */ = {
			isa = PBXGroup;
			children = (
				3047A50F1AB8059700498E2A /* build-debug.xcconfig */,
				3047A5101AB8059700498E2A /* build-release.xcconfig */,
				3047A5111AB8059700498E2A /* build.xcconfig */,
			);
			name = config;
			sourceTree = "<group>";
		};
		307C750510C5A3420062BCA9 /* Plugins */ = {
			isa = PBXGroup;
			children = (
				55109E5687294BE0A187ADFF /* PhotoViewer.m */,
				E6098C00F79C4DF9A1060E61 /* CDVFile.m */,
				BA059A66B3AB41B395F4F28B /* CDVLocalFilesystem.m */,
				2BC6521596AC4C4BB59DC425 /* CDVAssetLibraryFilesystem.m */,
				9447FEFA1BA645EA85102D3D /* CDVFile.h */,
				01BD098139FD466FA9F343AF /* CDVLocalFilesystem.h */,
				F9047A71581E4844BEF967E4 /* CDVAssetLibraryFilesystem.h */,
				E2F7DB025D5D4CA4A19E6384 /* CordovaHttpPlugin.m */,
				F7CD7650B832476C96C70834 /* TextResponseSerializer.m */,
				6E6901B81E4A44309CE265AC /* TextRequestSerializer.m */,
				F570D7E0C6EB4176A6A8753A /* AFHTTPSessionManager.m */,
				AC1C7579A20142BD8CF9D8C7 /* AFNetworkReachabilityManager.m */,
				99EA1EE3006849758EFBF779 /* AFSecurityPolicy.m */,
				7E71A8BB64D04F1ABAA04E50 /* AFURLRequestSerialization.m */,
				AA3AAA2148B042A8949DB81B /* AFURLResponseSerialization.m */,
				425B440D168846D5A2C8C550 /* AFURLSessionManager.m */,
				7B181F3FD8DF4637B8517D96 /* CordovaHttpPlugin.h */,
				18C474B771EE487E94379EEC /* TextResponseSerializer.h */,
				A5944163E30C44B1947538FD /* TextRequestSerializer.h */,
				9FB8EA2F699E4D558FD46560 /* AFHTTPSessionManager.h */,
				D998A4A77CB34365BC888C98 /* AFNetworking.h */,
				046AE52410334F2891454FA0 /* AFNetworkReachabilityManager.h */,
				88D4B84D22FE4BD3BBA57C9E /* AFSecurityPolicy.h */,
				D0A8F0E46BD94A41A830A37C /* AFURLRequestSerialization.h */,
				632DDB0D41E64EE684F5747E /* AFURLResponseSerialization.h */,
				B77A667FDC7746E291B68B11 /* AFURLSessionManager.h */,
				243D1B8FA48F4FFFB90F3C97 /* CDVNotification.m */,
				CA1D45BE99BB4213ABA4120E /* CDVNotification.h */,
				913DA9C0ACCA446891498741 /* CDVGlobalization.m */,
				794EC9C6AFA345588075D93D /* CDVGlobalization.h */,
				18FF6B19B2A549F8A44CFC4E /* CDVInAppBrowser.m */,
				F4F2FDE54B8F4E67AC2A5A0E /* CDVInAppBrowser.h */,
				4C04246BC3B147FFADCD196F /* CDVAppRate.m */,
				8884387F7F1C4E9284008294 /* CDVAppRate.h */,
				97D15B2425F745939D97AFC0 /* CDVDevice.m */,
				54432AAAFE2241E385B8D239 /* CDVDevice.h */,
				8E8441BC83FE4FC4B349830D /* APPEmailComposer.m */,
				8A6910D7C8AE46949ACC16E4 /* APPEmailComposerImpl.m */,
				7963C705BC0E4004AE9E1F2E /* APPEmailComposer.h */,
				EAD20A73CF154F938DBFC972 /* APPEmailComposerImpl.h */,
				E38D9CEECA8D45268D51C3A9 /* CDVIonicKeyboard.m */,
				795327AA44364F0F85E9F862 /* CDVIonicKeyboard.h */,
				03FA0E9A491F4B7B8E90E501 /* CDVWKWebViewEngine.m */,
				CAE4DFA66C78480A8E886B65 /* CDVWKWebViewUIDelegate.m */,
				E2DA3E3319EC4C30AE3A809B /* CDVWKProcessPoolFactory.m */,
				339254E0B4A043F3BE64EABD /* GCDWebServer.m */,
				0E25E2427D5946B1BF9F3632 /* GCDWebServerConnection.m */,
				30667C17DB8E4A4D9292AE55 /* GCDWebServerFunctions.m */,
				601B1845AF69407086D012F4 /* GCDWebServerRequest.m */,
				0B7B5AFF8D4B4E3BA5157EDC /* GCDWebServerResponse.m */,
				D008CE58B8C24018918C6026 /* GCDWebServerDataRequest.m */,
				C9132B39CD8F48DEA9E7B4DE /* GCDWebServerFileRequest.m */,
				5791A8D52BA249CC82BA19A8 /* GCDWebServerMultiPartFormRequest.m */,
				88BDAAC2445A4E5FB0ED431C /* GCDWebServerURLEncodedFormRequest.m */,
				3FFAF5262C4E49F5A6FABF9C /* GCDWebServerDataResponse.m */,
				468BC6D6D4BD44A7AB8F740C /* GCDWebServerErrorResponse.m */,
				E1865FD09B714F87AA4C2282 /* GCDWebServerFileResponse.m */,
				882C81F8AF2E4DA28F81FEA7 /* GCDWebServerStreamedResponse.m */,
				EFA1F4F70C0145BE8ECE4006 /* CDVWKWebViewEngine.h */,
				B500146A8F1A4523BE03FF82 /* CDVWKWebViewUIDelegate.h */,
				0DA48CED18EA4930B7DFEF19 /* CDVWKProcessPoolFactory.h */,
				AC037427EB2146C1884CB5C0 /* GCDWebServer.h */,
				40E5DE08C4CC468884098C16 /* GCDWebServerConnection.h */,
				9D529EE8FA464CC683157E32 /* GCDWebServerFunctions.h */,
				88389903A835440EA04F638A /* GCDWebServerHTTPStatusCodes.h */,
				18AAFABB032349FCBFABB37B /* GCDWebServerPrivate.h */,
				2928BC061D2C487C82164410 /* GCDWebServerRequest.h */,
				971638ED282246D0B10749D7 /* GCDWebServerResponse.h */,
				A43D9349201C4C7DBAE8D281 /* GCDWebServerDataRequest.h */,
				CA95E63FAE064FA08B55319C /* GCDWebServerFileRequest.h */,
				37D22C2088FB4212AF7EE28E /* GCDWebServerMultiPartFormRequest.h */,
				B834EEAC333245B8BBEBD4E9 /* GCDWebServerURLEncodedFormRequest.h */,
				CA4690036BC8469BB4BDB7B2 /* GCDWebServerDataResponse.h */,
				928187508BE549D5B3D0C865 /* GCDWebServerErrorResponse.h */,
				0A744FAB3D3C4295BF571D5A /* GCDWebServerFileResponse.h */,
				28237B802B4F4C258B5E7FE0 /* GCDWebServerStreamedResponse.h */,
				EBEEA93C5B67460F87575671 /* NativeStorage.m */,
				03D1CDEFD7114EC8B7A4ADEB /* NativeStorage.h */,
				20300BA7D0574D4E98398002 /* CDVSplashScreen.m */,
				A5776568F4C74FD0BD7095B3 /* CDVViewController+SplashScreen.m */,
				F339044168D94854849CB207 /* CDVSplashScreen.h */,
				F90CB706DCBD40AFA3EFD054 /* CDVViewController+SplashScreen.h */,
				26904A6B8A7E4FC0AB75FB3D /* NSString+SSURLEncoding.m */,
				79E0EDBCB2344BE7BBA97A97 /* SocialSharing.m */,
				5C502A8AE89947EE9B98F25D /* NSString+SSURLEncoding.h */,
				A5579349DDB44A74AB6D64E3 /* SocialSharing.h */,
				6360522A7ED0474FAE304A80 /* CFCallNumber.m */,
				3A94895C943348EA88DD5C7B /* CFCallNumber.h */,
				7F1EC7B30A39477089BDBE04 /* OneSignalPush.m */,
				44D7176788AF4C7288222B78 /* OneSignalPush.h */,
			);
			name = Plugins;
			path = "WooCommerce/Plugins";
			sourceTree = SOURCE_ROOT;
		};
		EB87FDF11871DA420020F90C /* Staging */ = {
			isa = PBXGroup;
			children = (
				F840E1F0165FE0F500CFE078 /* config.xml */,
				301BF56E109A69640062928A /* www */,
			);
			name = Staging;
			sourceTree = "<group>";
		};
/* End PBXGroup section */

/* Begin PBXNativeTarget section */
		1D6058900D05DD3D006BFB54 /* WooCommerce */ = {
			isa = PBXNativeTarget;
			buildConfigurationList = 1D6058960D05DD3E006BFB54 /* Build configuration list for PBXNativeTarget "WooCommerce" */;
			buildPhases = (
				304B58A110DAC018002A0835 /* Copy www directory */,
				1D60588D0D05DD3D006BFB54 /* Resources */,
				1D60588E0D05DD3D006BFB54 /* Sources */,
				1D60588F0D05DD3D006BFB54 /* Frameworks */,
			);
			buildRules = (
			);
			dependencies = (
				301BF551109A68C00062928A /* PBXTargetDependency */,
			);
			name = "WooCommerce";
			productName = "WooCommerce";
			productReference = 1D6058910D05DD3D006BFB54 /* WooCommerce.app */;
			productType = "com.apple.product-type.application";
		};
/* End PBXNativeTarget section */

/* Begin PBXProject section */
		29B97313FDCFA39411CA2CEA /* Project object */ = {
			isa = PBXProject;
			attributes = {
				LastUpgradeCheck = 510;
			};
			buildConfigurationList = C01FCF4E08A954540054247B /* Build configuration list for PBXProject "__NON-CLI__" */;
			compatibilityVersion = "Xcode 3.2";
			developmentRegion = English;
			hasScannedForEncodings = 1;
			mainGroup = 29B97314FDCFA39411CA2CEA /* CustomTemplate */;
			projectDirPath = "";
			projectReferences = (
				{
					ProductGroup = 301BF52E109A57CC0062928A /* Products */;
					ProjectRef = 301BF52D109A57CC0062928A /* CordovaLib.xcodeproj */;
				},
			);
			projectRoot = "";
			targets = (
				1D6058900D05DD3D006BFB54 /* WooCommerce */,
			);
		};
/* End PBXProject section */

/* Begin PBXReferenceProxy section */
		301BF535109A57CC0062928A /* libCordova.a */ = {
			isa = PBXReferenceProxy;
			fileType = archive.ar;
			path = libCordova.a;
			remoteRef = 301BF534109A57CC0062928A /* PBXContainerItemProxy */;
			sourceTree = BUILT_PRODUCTS_DIR;
		};
/* End PBXReferenceProxy section */

/* Begin PBXResourcesBuildPhase section */
		1D60588D0D05DD3D006BFB54 /* Resources */ = {
			isa = PBXResourcesBuildPhase;
			buildActionMask = 2147483647;
			files = (
				302D95F214D2391D003F00A1 /* MainViewController.xib in Resources */,
				0207DA581B56EA530066E2B4 /* Images.xcassets in Resources */,
				6AFF5BF91D6E424B00AB3073 /* CDVLaunchScreen.storyboard in Resources */,
				EFE14D7BC370401CB4C4FC55 /* CDVNotification.bundle in Resources */,
			);
			runOnlyForDeploymentPostprocessing = 0;
		};
/* End PBXResourcesBuildPhase section */

/* Begin PBXShellScriptBuildPhase section */
		304B58A110DAC018002A0835 /* Copy www directory */ = {
			isa = PBXShellScriptBuildPhase;
			buildActionMask = 2147483647;
			files = (
			);
			inputPaths = (
			);
			name = "Copy www directory";
			outputPaths = (
			);
			runOnlyForDeploymentPostprocessing = 0;
			shellPath = /bin/sh;
			shellScript = "NODEJS_PATH=/usr/local/bin; NVM_NODE_PATH=~/.nvm/versions/node/`nvm version 2>/dev/null`/bin; N_NODE_PATH=`find /usr/local/n/versions/node/* -maxdepth 0 -type d 2>/dev/null | tail -1`/bin; XCODE_NODE_PATH=`xcode-select --print-path`/usr/share/xcs/Node/bin; PATH=$NODEJS_PATH:$NVM_NODE_PATH:$N_NODE_PATH:$XCODE_NODE_PATH:$PATH && node cordova/lib/copy-www-build-step.js";
			showEnvVarsInLog = 0;
		};
/* End PBXShellScriptBuildPhase section */

/* Begin PBXSourcesBuildPhase section */
		1D60588E0D05DD3D006BFB54 /* Sources */ = {
			isa = PBXSourcesBuildPhase;
			buildActionMask = 2147483647;
			files = (
				1D60589B0D05DD56006BFB54 /* main.m in Sources */,
				1D3623260D0F684500981E51 /* AppDelegate.m in Sources */,
				302D95F114D2391D003F00A1 /* MainViewController.m in Sources */,
				6DAC0C2E697A41D4B9A56B67 /* PhotoViewer.m in Sources */,
				1F0738DD92AD42B4A4802DA9 /* CDVFile.m in Sources */,
				8466E8A6BA834194B73F1562 /* CDVLocalFilesystem.m in Sources */,
				101F77C4740641D3BAEA5D48 /* CDVAssetLibraryFilesystem.m in Sources */,
				0A090B256D8440AFBA39FBD4 /* CordovaHttpPlugin.m in Sources */,
				75E5B41C3E324742A3A50FF5 /* TextResponseSerializer.m in Sources */,
				5ED4671AE5DF4DA8B6044700 /* TextRequestSerializer.m in Sources */,
				256B2385CF1E4208AA9DC7E5 /* AFHTTPSessionManager.m in Sources */,
				9F6C4D478C6146A6B976B030 /* AFNetworkReachabilityManager.m in Sources */,
				EC569820DD70439889689533 /* AFSecurityPolicy.m in Sources */,
				CB6B60AE7A3C470C9B2616EF /* AFURLRequestSerialization.m in Sources */,
				467F47B850B3421D808100BC /* AFURLResponseSerialization.m in Sources */,
				DC3F91051D174692A7A14979 /* AFURLSessionManager.m in Sources */,
				FD3BC5EF608E4C0C94BEBF56 /* CDVNotification.m in Sources */,
				982496A9BEDD4653B964973B /* CDVGlobalization.m in Sources */,
				32DF4F6A597E46A184972329 /* CDVInAppBrowser.m in Sources */,
				6F4A9D9FAF294F0DADF8A91C /* CDVAppRate.m in Sources */,
				766B083525FE44D8BD231D8B /* CDVDevice.m in Sources */,
				4380ED4A2FA34120A8F86203 /* APPEmailComposer.m in Sources */,
				B150DA9B42514EF198C059EA /* APPEmailComposerImpl.m in Sources */,
				3D88DAF2DEDE401A9723C4D0 /* CDVIonicKeyboard.m in Sources */,
				AA0B1A107AE04E31A9F56433 /* CDVWKWebViewEngine.m in Sources */,
				7C935FCFC99B45D69F232FD6 /* CDVWKWebViewUIDelegate.m in Sources */,
				25288BE11B4849BF8F4BB08D /* CDVWKProcessPoolFactory.m in Sources */,
				73DB1024D3AF4E7F8444664E /* GCDWebServer.m in Sources */,
				82C6FC99B1574ED6A5B78F7B /* GCDWebServerConnection.m in Sources */,
				E64A876C87274219BDD529FA /* GCDWebServerFunctions.m in Sources */,
				F39089BCA0034755BF308039 /* GCDWebServerRequest.m in Sources */,
				04046844998C4D03B489E29E /* GCDWebServerResponse.m in Sources */,
				C5E14AF21E7147A9BFAC7395 /* GCDWebServerDataRequest.m in Sources */,
				59EF9C660A384C0DB6745040 /* GCDWebServerFileRequest.m in Sources */,
				ACBFCAF2D2754636BFA2527A /* GCDWebServerMultiPartFormRequest.m in Sources */,
				2C0BDFADA7AB43F3BEFE1903 /* GCDWebServerURLEncodedFormRequest.m in Sources */,
				85611F2961444BC69531A411 /* GCDWebServerDataResponse.m in Sources */,
				BD4409DF86E4403D99932320 /* GCDWebServerErrorResponse.m in Sources */,
				9475472C95944B54AACD824E /* GCDWebServerFileResponse.m in Sources */,
				44EEE01C1C2642DE9397442A /* GCDWebServerStreamedResponse.m in Sources */,
				70DADE493A2E4B189A215650 /* NativeStorage.m in Sources */,
				8C3E6B0447A84E40BFB199BC /* CDVSplashScreen.m in Sources */,
				26BD5B581BC34BA293000350 /* CDVViewController+SplashScreen.m in Sources */,
				5A019A131FC64AE59FB3C2E5 /* NSString+SSURLEncoding.m in Sources */,
				E5E15C7523204305A6D5A4FF /* SocialSharing.m in Sources */,
				C0D973780EB643A4964E8713 /* CFCallNumber.m in Sources */,
				2E5DF91CE2724FDC93CFCF4D /* OneSignalPush.m in Sources */,
			);
			runOnlyForDeploymentPostprocessing = 0;
		};
/* End PBXSourcesBuildPhase section */

/* Begin PBXTargetDependency section */
		301BF551109A68C00062928A /* PBXTargetDependency */ = {
			isa = PBXTargetDependency;
			name = CordovaLib;
			targetProxy = 301BF550109A68C00062928A /* PBXContainerItemProxy */;
		};
/* End PBXTargetDependency section */

/* Begin XCBuildConfiguration section */
		1D6058940D05DD3E006BFB54 /* Debug */ = {
			isa = XCBuildConfiguration;
			baseConfigurationReference = 3047A50F1AB8059700498E2A /* build-debug.xcconfig */;
			buildSettings = {
				ALWAYS_SEARCH_USER_PATHS = NO;
				ASSETCATALOG_COMPILER_APPICON_NAME = AppIcon;
				ASSETCATALOG_COMPILER_LAUNCHIMAGE_NAME = LaunchImage;
				CLANG_ENABLE_MODULES = YES;
				CLANG_ENABLE_OBJC_ARC = YES;
				COPY_PHASE_STRIP = NO;
				GCC_DYNAMIC_NO_PIC = NO;
				GCC_OPTIMIZATION_LEVEL = 0;
				GCC_PRECOMPILE_PREFIX_HEADER = YES;
				GCC_PREFIX_HEADER = "WooCommerce/WooCommerce-Prefix.pch";
				GCC_THUMB_SUPPORT = NO;
				GCC_VERSION = "";
				INFOPLIST_FILE = "WooCommerce/WooCommerce-Info.plist";
				IPHONEOS_DEPLOYMENT_TARGET = 9.0;
				LD_RUNPATH_SEARCH_PATHS = "@executable_path/Frameworks";
				TARGETED_DEVICE_FAMILY = "1,2";
				PRODUCT_NAME = "WooCommerce";
			};
			name = Debug;
		};
		1D6058950D05DD3E006BFB54 /* Release */ = {
			isa = XCBuildConfiguration;
			baseConfigurationReference = 3047A5101AB8059700498E2A /* build-release.xcconfig */;
			buildSettings = {
				ALWAYS_SEARCH_USER_PATHS = NO;
				ASSETCATALOG_COMPILER_APPICON_NAME = AppIcon;
				ASSETCATALOG_COMPILER_LAUNCHIMAGE_NAME = LaunchImage;
				CLANG_ENABLE_MODULES = YES;
				CLANG_ENABLE_OBJC_ARC = YES;
				COPY_PHASE_STRIP = YES;
				GCC_PRECOMPILE_PREFIX_HEADER = YES;
				GCC_PREFIX_HEADER = "WooCommerce/WooCommerce-Prefix.pch";
				GCC_THUMB_SUPPORT = NO;
				GCC_VERSION = "";
				INFOPLIST_FILE = "WooCommerce/WooCommerce-Info.plist";
				IPHONEOS_DEPLOYMENT_TARGET = 9.0;
				LD_RUNPATH_SEARCH_PATHS = "@executable_path/Frameworks";
				TARGETED_DEVICE_FAMILY = "1,2";
				PRODUCT_NAME = "WooCommerce";
			};
			name = Release;
		};
		C01FCF4F08A954540054247B /* Debug */ = {
			isa = XCBuildConfiguration;
			baseConfigurationReference = 3047A5111AB8059700498E2A /* build.xcconfig */;
			buildSettings = {
				CLANG_ENABLE_MODULES = YES;
				CLANG_ENABLE_OBJC_ARC = YES;
				CLANG_WARN_BOOL_CONVERSION = YES;
				CLANG_WARN_CONSTANT_CONVERSION = YES;
				CLANG_WARN_EMPTY_BODY = YES;
				CLANG_WARN_ENUM_CONVERSION = YES;
				CLANG_WARN_INT_CONVERSION = YES;
				CLANG_WARN__DUPLICATE_METHOD_MATCH = YES;
				GCC_C_LANGUAGE_STANDARD = c99;
				GCC_THUMB_SUPPORT = NO;
				GCC_VERSION = "";
				GCC_WARN_ABOUT_RETURN_TYPE = YES;
				GCC_WARN_UNDECLARED_SELECTOR = YES;
				GCC_WARN_UNINITIALIZED_AUTOS = YES;
				GCC_WARN_UNUSED_FUNCTION = YES;
				GCC_WARN_UNUSED_VARIABLE = YES;
				ONLY_ACTIVE_ARCH = YES;
				SDKROOT = iphoneos;
				SKIP_INSTALL = NO;
			};
			name = Debug;
		};
		C01FCF5008A954540054247B /* Release */ = {
			isa = XCBuildConfiguration;
			baseConfigurationReference = 3047A5111AB8059700498E2A /* build.xcconfig */;
			buildSettings = {
				CLANG_ENABLE_MODULES = YES;
				CLANG_ENABLE_OBJC_ARC = YES;
				CLANG_WARN_BOOL_CONVERSION = YES;
				CLANG_WARN_CONSTANT_CONVERSION = YES;
				CLANG_WARN_EMPTY_BODY = YES;
				CLANG_WARN_ENUM_CONVERSION = YES;
				CLANG_WARN_INT_CONVERSION = YES;
				CLANG_WARN__DUPLICATE_METHOD_MATCH = YES;
				GCC_C_LANGUAGE_STANDARD = c99;
				GCC_THUMB_SUPPORT = NO;
				GCC_VERSION = "";
				GCC_WARN_ABOUT_RETURN_TYPE = YES;
				GCC_WARN_UNDECLARED_SELECTOR = YES;
				GCC_WARN_UNINITIALIZED_AUTOS = YES;
				GCC_WARN_UNUSED_FUNCTION = YES;
				GCC_WARN_UNUSED_VARIABLE = YES;
				SDKROOT = iphoneos;
				SKIP_INSTALL = NO;
			};
			name = Release;
		};
/* End XCBuildConfiguration section */

/* Begin XCConfigurationList section */
		1D6058960D05DD3E006BFB54 /* Build configuration list for PBXNativeTarget "WooCommerce" */ = {
			isa = XCConfigurationList;
			buildConfigurations = (
				1D6058940D05DD3E006BFB54 /* Debug */,
				1D6058950D05DD3E006BFB54 /* Release */,
			);
			defaultConfigurationIsVisible = 0;
			defaultConfigurationName = Release;
		};
		C01FCF4E08A954540054247B /* Build configuration list for PBXProject "__NON-CLI__" */ = {
			isa = XCConfigurationList;
			buildConfigurations = (
				C01FCF4F08A954540054247B /* Debug */,
				C01FCF5008A954540054247B /* Release */,
			);
			defaultConfigurationIsVisible = 0;
			defaultConfigurationName = Release;
		};
/* End XCConfigurationList section */
	};
	rootObject = 29B97313FDCFA39411CA2CEA /* Project object */;
}
